
Microsoft Visual Studio Solution File, Format Version 12.00
# Visual Studio Version 16
VisualStudioVersion = 16.0.29215.179
MinimumVisualStudioVersion = 10.0.40219.1
Project("{9A19103F-16F7-4668-BE54-9A1E7A4F7556}") = "SolidRpc.Tests", "SolidRpc.Tests\SolidRpc.Tests.csproj", "{BD634FC6-2AD4-4CC1-A112-46AF83516ADE}"
EndProject
Project("{9A19103F-16F7-4668-BE54-9A1E7A4F7556}") = "SolidRpc.OpenApi.Binder", "SolidRpc.OpenApi.Binder\SolidRpc.OpenApi.Binder.csproj", "{A9FCFFF2-9A0F-4A36-B08E-AA946836ED6B}"
EndProject
Project("{9A19103F-16F7-4668-BE54-9A1E7A4F7556}") = "SolidRpc.OpenApi.Model", "SolidRpc.OpenApi.Model\SolidRpc.OpenApi.Model.csproj", "{393BDD73-8F40-4EE9-BC6A-8B9EC1253C0F}"
EndProject
Project("{2150E333-8FDC-42A3-9474-1A3956D46DE8}") = "Nuget", "Nuget", "{02FC1D9B-C8C6-4F51-83BF-598B09F8B02F}"
EndProject
Project("{2150E333-8FDC-42A3-9474-1A3956D46DE8}") = "Tests", "Tests", "{7C253128-5D02-4E68-BAFB-901E9F7B1055}"
EndProject
Project("{9A19103F-16F7-4668-BE54-9A1E7A4F7556}") = "SolidRpc.OpenApi.DotNetTool", "SolidRpc.OpenApi.DotNetTool\SolidRpc.OpenApi.DotNetTool.csproj", "{CF885EBE-DD69-4379-B331-07C7A8CF61D1}"
EndProject
Project("{2150E333-8FDC-42A3-9474-1A3956D46DE8}") = "Solution Items", "Solution Items", "{D62C2EE1-7472-4CEA-A334-D14D98193014}"
	ProjectSection(SolutionItems) = preProject
		azure-pipelines.yml = azure-pipelines.yml
		nuget.config = nuget.config
		solidci-powershell-bootstrap.ps1 = solidci-powershell-bootstrap.ps1
	EndProjectSection
EndProject
Project("{9A19103F-16F7-4668-BE54-9A1E7A4F7556}") = "SolidRpc.Test.Petstore", "SolidRpc.Test.Petstore\SolidRpc.Test.Petstore.csproj", "{4256B95B-DEC2-45C8-B1AD-56FC2E126CEF}"
EndProject
Project("{9A19103F-16F7-4668-BE54-9A1E7A4F7556}") = "SolidRpc.OpenApi.Generator", "SolidRpc.OpenApi.Generator\SolidRpc.OpenApi.Generator.csproj", "{011EDD2B-765B-4612-92CB-B7D2B9362FB6}"
EndProject
Project("{9A19103F-16F7-4668-BE54-9A1E7A4F7556}") = "SolidRpc.OpenApi.Generator.Impl", "SolidRpc.OpenApi.Generator.Impl\SolidRpc.OpenApi.Generator.Impl.csproj", "{DE8D7A50-D30D-413C-BB12-571C5C6264DD}"
EndProject
Project("{9A19103F-16F7-4668-BE54-9A1E7A4F7556}") = "SolidRpc.Wire", "SolidRpc.Wire\SolidRpc.Wire.csproj", "{3AEC999B-C7D5-475B-8DD2-11F87FD5111C}"
EndProject
Project("{9A19103F-16F7-4668-BE54-9A1E7A4F7556}") = "SolidRpc.OpenApi.AspNetCore", "SolidRpc.OpenApi.AspNetCore\SolidRpc.OpenApi.AspNetCore.csproj", "{B52F634A-5F35-4F72-943D-5B0CB0B68DA2}"
EndProject
Project("{9A19103F-16F7-4668-BE54-9A1E7A4F7556}") = "SolidRpc.Test.Petstore.Impl", "SolidRpc.Test.Petstore.Impl\SolidRpc.Test.Petstore.Impl.csproj", "{CCB3040C-2729-4F47-BA47-87176713AE58}"
EndProject
Project("{9A19103F-16F7-4668-BE54-9A1E7A4F7556}") = "SolidRpc.Test.Petstore.Web", "SolidRpc.Test.Petstore.Web\SolidRpc.Test.Petstore.Web.csproj", "{4A26BE79-EA44-43AF-99C1-3306DCB1E751}"
EndProject
Project("{9A19103F-16F7-4668-BE54-9A1E7A4F7556}") = "SolidRpc.OpenApi.AzFunctionsV2Extension", "SolidRpc.OpenApi.AzFunctionsV2\SolidRpc.OpenApi.AzFunctionsV2Extension.csproj", "{851D2D87-9A7D-4F55-9D3F-C50A195FD60B}"
EndProject
Project("{9A19103F-16F7-4668-BE54-9A1E7A4F7556}") = "SolidRpc.OpenApi.SwaggerUI", "SolidRpc.OpenApi.SwaggerUI\SolidRpc.OpenApi.SwaggerUI.csproj", "{43CBD8CD-2871-490F-B96C-046B3EBC9E73}"
EndProject
Project("{9A19103F-16F7-4668-BE54-9A1E7A4F7556}") = "SolidRpc.Abstractions", "SolidRpc.Abstractions\SolidRpc.Abstractions.csproj", "{5EB34918-62D9-4903-AE87-5BEED5AB00E5}"
EndProject
Project("{9A19103F-16F7-4668-BE54-9A1E7A4F7556}") = "SolidRpc.Test.Petstore.AzFunctionsV1", "SolidRpc.Test.Petstore.AzFunctionsV1\SolidRpc.Test.Petstore.AzFunctionsV1.csproj", "{E3F10992-6BC2-4052-907B-1F1880F6AE4E}"
EndProject
Project("{9A19103F-16F7-4668-BE54-9A1E7A4F7556}") = "SolidRpc.Test.Petstore.AzFunctionsV2", "SolidRpc.Test.Petstore.AzFunctionsV2\SolidRpc.Test.Petstore.AzFunctionsV2.csproj", "{83EEFBD3-E96C-41B0-8A51-A1670E00E493}"
EndProject
Project("{9A19103F-16F7-4668-BE54-9A1E7A4F7556}") = "SolidRpc.OpenApi.AzFunctionsV1Extension", "SolidRpc.OpenApi.AzFunctionsV1\SolidRpc.OpenApi.AzFunctionsV1Extension.csproj", "{61B9E70B-C449-4CEB-9B20-8445657AB52B}"
EndProject
Project("{9A19103F-16F7-4668-BE54-9A1E7A4F7556}") = "SolidRpc.OpenApi.AzFunctions", "SolidRpc.OpenApi.AzFunctions\SolidRpc.OpenApi.AzFunctions.csproj", "{DAE5ABB7-842D-44EA-BBE5-1926BEE38BC9}"
EndProject
Project("{9A19103F-16F7-4668-BE54-9A1E7A4F7556}") = "SolidRpc.Security", "SolidRpc.Security\SolidRpc.Security.csproj", "{C443DA6F-4096-4A75-B7A0-A6E9DA8CBB73}"
EndProject
Project("{9A19103F-16F7-4668-BE54-9A1E7A4F7556}") = "SolidRpc.Security.Impl", "SolidRpc.Security.Impl\SolidRpc.Security.Impl.csproj", "{68F8EDB2-4E33-4B39-99BE-F7DE613E8B65}"
EndProject
Project("{FAE04EC0-301F-11D3-BF4B-00C04F79EFBC}") = "SolidRpc.NpmGenerator", "SolidRpc.NpmGenerator\SolidRpc.NpmGenerator.csproj", "{C7459947-EF3B-4058-BDA5-A0BC4816D860}"
EndProject
Global
	GlobalSection(SolutionConfigurationPlatforms) = preSolution
		Debug|Any CPU = Debug|Any CPU
		Release|Any CPU = Release|Any CPU
	EndGlobalSection
	GlobalSection(ProjectConfigurationPlatforms) = postSolution
		{BD634FC6-2AD4-4CC1-A112-46AF83516ADE}.Debug|Any CPU.ActiveCfg = Debug|Any CPU
		{BD634FC6-2AD4-4CC1-A112-46AF83516ADE}.Debug|Any CPU.Build.0 = Debug|Any CPU
		{BD634FC6-2AD4-4CC1-A112-46AF83516ADE}.Release|Any CPU.ActiveCfg = Release|Any CPU
		{BD634FC6-2AD4-4CC1-A112-46AF83516ADE}.Release|Any CPU.Build.0 = Release|Any CPU
		{A9FCFFF2-9A0F-4A36-B08E-AA946836ED6B}.Debug|Any CPU.ActiveCfg = Debug|Any CPU
		{A9FCFFF2-9A0F-4A36-B08E-AA946836ED6B}.Debug|Any CPU.Build.0 = Debug|Any CPU
		{A9FCFFF2-9A0F-4A36-B08E-AA946836ED6B}.Release|Any CPU.ActiveCfg = Release|Any CPU
		{A9FCFFF2-9A0F-4A36-B08E-AA946836ED6B}.Release|Any CPU.Build.0 = Release|Any CPU
		{393BDD73-8F40-4EE9-BC6A-8B9EC1253C0F}.Debug|Any CPU.ActiveCfg = Debug|Any CPU
		{393BDD73-8F40-4EE9-BC6A-8B9EC1253C0F}.Debug|Any CPU.Build.0 = Debug|Any CPU
		{393BDD73-8F40-4EE9-BC6A-8B9EC1253C0F}.Release|Any CPU.ActiveCfg = Release|Any CPU
		{393BDD73-8F40-4EE9-BC6A-8B9EC1253C0F}.Release|Any CPU.Build.0 = Release|Any CPU
		{CF885EBE-DD69-4379-B331-07C7A8CF61D1}.Debug|Any CPU.ActiveCfg = Debug|Any CPU
		{CF885EBE-DD69-4379-B331-07C7A8CF61D1}.Debug|Any CPU.Build.0 = Debug|Any CPU
		{CF885EBE-DD69-4379-B331-07C7A8CF61D1}.Release|Any CPU.ActiveCfg = Release|Any CPU
		{CF885EBE-DD69-4379-B331-07C7A8CF61D1}.Release|Any CPU.Build.0 = Release|Any CPU
		{4256B95B-DEC2-45C8-B1AD-56FC2E126CEF}.Debug|Any CPU.ActiveCfg = Debug|Any CPU
		{4256B95B-DEC2-45C8-B1AD-56FC2E126CEF}.Debug|Any CPU.Build.0 = Debug|Any CPU
		{4256B95B-DEC2-45C8-B1AD-56FC2E126CEF}.Release|Any CPU.ActiveCfg = Release|Any CPU
		{4256B95B-DEC2-45C8-B1AD-56FC2E126CEF}.Release|Any CPU.Build.0 = Release|Any CPU
		{011EDD2B-765B-4612-92CB-B7D2B9362FB6}.Debug|Any CPU.ActiveCfg = Debug|Any CPU
		{011EDD2B-765B-4612-92CB-B7D2B9362FB6}.Debug|Any CPU.Build.0 = Debug|Any CPU
		{011EDD2B-765B-4612-92CB-B7D2B9362FB6}.Release|Any CPU.ActiveCfg = Release|Any CPU
		{011EDD2B-765B-4612-92CB-B7D2B9362FB6}.Release|Any CPU.Build.0 = Release|Any CPU
		{DE8D7A50-D30D-413C-BB12-571C5C6264DD}.Debug|Any CPU.ActiveCfg = Debug|Any CPU
		{DE8D7A50-D30D-413C-BB12-571C5C6264DD}.Debug|Any CPU.Build.0 = Debug|Any CPU
		{DE8D7A50-D30D-413C-BB12-571C5C6264DD}.Release|Any CPU.ActiveCfg = Release|Any CPU
		{DE8D7A50-D30D-413C-BB12-571C5C6264DD}.Release|Any CPU.Build.0 = Release|Any CPU
		{3AEC999B-C7D5-475B-8DD2-11F87FD5111C}.Debug|Any CPU.ActiveCfg = Debug|Any CPU
		{3AEC999B-C7D5-475B-8DD2-11F87FD5111C}.Debug|Any CPU.Build.0 = Debug|Any CPU
		{3AEC999B-C7D5-475B-8DD2-11F87FD5111C}.Release|Any CPU.ActiveCfg = Release|Any CPU
		{3AEC999B-C7D5-475B-8DD2-11F87FD5111C}.Release|Any CPU.Build.0 = Release|Any CPU
		{B52F634A-5F35-4F72-943D-5B0CB0B68DA2}.Debug|Any CPU.ActiveCfg = Debug|Any CPU
		{B52F634A-5F35-4F72-943D-5B0CB0B68DA2}.Debug|Any CPU.Build.0 = Debug|Any CPU
		{B52F634A-5F35-4F72-943D-5B0CB0B68DA2}.Release|Any CPU.ActiveCfg = Release|Any CPU
		{B52F634A-5F35-4F72-943D-5B0CB0B68DA2}.Release|Any CPU.Build.0 = Release|Any CPU
		{CCB3040C-2729-4F47-BA47-87176713AE58}.Debug|Any CPU.ActiveCfg = Debug|Any CPU
		{CCB3040C-2729-4F47-BA47-87176713AE58}.Debug|Any CPU.Build.0 = Debug|Any CPU
		{CCB3040C-2729-4F47-BA47-87176713AE58}.Release|Any CPU.ActiveCfg = Release|Any CPU
		{CCB3040C-2729-4F47-BA47-87176713AE58}.Release|Any CPU.Build.0 = Release|Any CPU
		{4A26BE79-EA44-43AF-99C1-3306DCB1E751}.Debug|Any CPU.ActiveCfg = Debug|Any CPU
		{4A26BE79-EA44-43AF-99C1-3306DCB1E751}.Debug|Any CPU.Build.0 = Debug|Any CPU
		{4A26BE79-EA44-43AF-99C1-3306DCB1E751}.Release|Any CPU.ActiveCfg = Release|Any CPU
		{4A26BE79-EA44-43AF-99C1-3306DCB1E751}.Release|Any CPU.Build.0 = Release|Any CPU
		{851D2D87-9A7D-4F55-9D3F-C50A195FD60B}.Debug|Any CPU.ActiveCfg = Debug|Any CPU
		{851D2D87-9A7D-4F55-9D3F-C50A195FD60B}.Debug|Any CPU.Build.0 = Debug|Any CPU
		{851D2D87-9A7D-4F55-9D3F-C50A195FD60B}.Release|Any CPU.ActiveCfg = Release|Any CPU
		{851D2D87-9A7D-4F55-9D3F-C50A195FD60B}.Release|Any CPU.Build.0 = Release|Any CPU
		{43CBD8CD-2871-490F-B96C-046B3EBC9E73}.Debug|Any CPU.ActiveCfg = Debug|Any CPU
		{43CBD8CD-2871-490F-B96C-046B3EBC9E73}.Debug|Any CPU.Build.0 = Debug|Any CPU
		{43CBD8CD-2871-490F-B96C-046B3EBC9E73}.Release|Any CPU.ActiveCfg = Release|Any CPU
		{43CBD8CD-2871-490F-B96C-046B3EBC9E73}.Release|Any CPU.Build.0 = Release|Any CPU
		{5EB34918-62D9-4903-AE87-5BEED5AB00E5}.Debug|Any CPU.ActiveCfg = Debug|Any CPU
		{5EB34918-62D9-4903-AE87-5BEED5AB00E5}.Debug|Any CPU.Build.0 = Debug|Any CPU
		{5EB34918-62D9-4903-AE87-5BEED5AB00E5}.Release|Any CPU.ActiveCfg = Release|Any CPU
		{5EB34918-62D9-4903-AE87-5BEED5AB00E5}.Release|Any CPU.Build.0 = Release|Any CPU
		{E3F10992-6BC2-4052-907B-1F1880F6AE4E}.Debug|Any CPU.ActiveCfg = Debug|Any CPU
		{E3F10992-6BC2-4052-907B-1F1880F6AE4E}.Debug|Any CPU.Build.0 = Debug|Any CPU
		{E3F10992-6BC2-4052-907B-1F1880F6AE4E}.Release|Any CPU.ActiveCfg = Release|Any CPU
		{E3F10992-6BC2-4052-907B-1F1880F6AE4E}.Release|Any CPU.Build.0 = Release|Any CPU
		{83EEFBD3-E96C-41B0-8A51-A1670E00E493}.Debug|Any CPU.ActiveCfg = Debug|Any CPU
		{83EEFBD3-E96C-41B0-8A51-A1670E00E493}.Debug|Any CPU.Build.0 = Debug|Any CPU
		{83EEFBD3-E96C-41B0-8A51-A1670E00E493}.Release|Any CPU.ActiveCfg = Release|Any CPU
		{83EEFBD3-E96C-41B0-8A51-A1670E00E493}.Release|Any CPU.Build.0 = Release|Any CPU
		{61B9E70B-C449-4CEB-9B20-8445657AB52B}.Debug|Any CPU.ActiveCfg = Debug|Any CPU
		{61B9E70B-C449-4CEB-9B20-8445657AB52B}.Debug|Any CPU.Build.0 = Debug|Any CPU
		{61B9E70B-C449-4CEB-9B20-8445657AB52B}.Release|Any CPU.ActiveCfg = Release|Any CPU
		{61B9E70B-C449-4CEB-9B20-8445657AB52B}.Release|Any CPU.Build.0 = Release|Any CPU
		{DAE5ABB7-842D-44EA-BBE5-1926BEE38BC9}.Debug|Any CPU.ActiveCfg = Debug|Any CPU
		{DAE5ABB7-842D-44EA-BBE5-1926BEE38BC9}.Debug|Any CPU.Build.0 = Debug|Any CPU
		{DAE5ABB7-842D-44EA-BBE5-1926BEE38BC9}.Release|Any CPU.ActiveCfg = Release|Any CPU
		{DAE5ABB7-842D-44EA-BBE5-1926BEE38BC9}.Release|Any CPU.Build.0 = Release|Any CPU
		{C443DA6F-4096-4A75-B7A0-A6E9DA8CBB73}.Debug|Any CPU.ActiveCfg = Debug|Any CPU
		{C443DA6F-4096-4A75-B7A0-A6E9DA8CBB73}.Debug|Any CPU.Build.0 = Debug|Any CPU
		{C443DA6F-4096-4A75-B7A0-A6E9DA8CBB73}.Release|Any CPU.ActiveCfg = Release|Any CPU
		{C443DA6F-4096-4A75-B7A0-A6E9DA8CBB73}.Release|Any CPU.Build.0 = Release|Any CPU
		{68F8EDB2-4E33-4B39-99BE-F7DE613E8B65}.Debug|Any CPU.ActiveCfg = Debug|Any CPU
		{68F8EDB2-4E33-4B39-99BE-F7DE613E8B65}.Debug|Any CPU.Build.0 = Debug|Any CPU
		{68F8EDB2-4E33-4B39-99BE-F7DE613E8B65}.Release|Any CPU.ActiveCfg = Release|Any CPU
		{68F8EDB2-4E33-4B39-99BE-F7DE613E8B65}.Release|Any CPU.Build.0 = Release|Any CPU
		{C7459947-EF3B-4058-BDA5-A0BC4816D860}.Debug|Any CPU.ActiveCfg = Debug|Any CPU
		{C7459947-EF3B-4058-BDA5-A0BC4816D860}.Debug|Any CPU.Build.0 = Debug|Any CPU
		{C7459947-EF3B-4058-BDA5-A0BC4816D860}.Release|Any CPU.ActiveCfg = Release|Any CPU
		{C7459947-EF3B-4058-BDA5-A0BC4816D860}.Release|Any CPU.Build.0 = Release|Any CPU
	EndGlobalSection
	GlobalSection(SolutionProperties) = preSolution
		HideSolutionNode = FALSE
	EndGlobalSection
	GlobalSection(NestedProjects) = preSolution
		{BD634FC6-2AD4-4CC1-A112-46AF83516ADE} = {7C253128-5D02-4E68-BAFB-901E9F7B1055}
		{A9FCFFF2-9A0F-4A36-B08E-AA946836ED6B} = {02FC1D9B-C8C6-4F51-83BF-598B09F8B02F}
		{393BDD73-8F40-4EE9-BC6A-8B9EC1253C0F} = {02FC1D9B-C8C6-4F51-83BF-598B09F8B02F}
		{CF885EBE-DD69-4379-B331-07C7A8CF61D1} = {02FC1D9B-C8C6-4F51-83BF-598B09F8B02F}
		{4256B95B-DEC2-45C8-B1AD-56FC2E126CEF} = {7C253128-5D02-4E68-BAFB-901E9F7B1055}
		{011EDD2B-765B-4612-92CB-B7D2B9362FB6} = {02FC1D9B-C8C6-4F51-83BF-598B09F8B02F}
		{DE8D7A50-D30D-413C-BB12-571C5C6264DD} = {02FC1D9B-C8C6-4F51-83BF-598B09F8B02F}
		{3AEC999B-C7D5-475B-8DD2-11F87FD5111C} = {02FC1D9B-C8C6-4F51-83BF-598B09F8B02F}
		{B52F634A-5F35-4F72-943D-5B0CB0B68DA2} = {02FC1D9B-C8C6-4F51-83BF-598B09F8B02F}
		{CCB3040C-2729-4F47-BA47-87176713AE58} = {7C253128-5D02-4E68-BAFB-901E9F7B1055}
		{4A26BE79-EA44-43AF-99C1-3306DCB1E751} = {7C253128-5D02-4E68-BAFB-901E9F7B1055}
		{851D2D87-9A7D-4F55-9D3F-C50A195FD60B} = {02FC1D9B-C8C6-4F51-83BF-598B09F8B02F}
		{43CBD8CD-2871-490F-B96C-046B3EBC9E73} = {02FC1D9B-C8C6-4F51-83BF-598B09F8B02F}
		{5EB34918-62D9-4903-AE87-5BEED5AB00E5} = {02FC1D9B-C8C6-4F51-83BF-598B09F8B02F}
		{E3F10992-6BC2-4052-907B-1F1880F6AE4E} = {7C253128-5D02-4E68-BAFB-901E9F7B1055}
		{83EEFBD3-E96C-41B0-8A51-A1670E00E493} = {7C253128-5D02-4E68-BAFB-901E9F7B1055}
		{61B9E70B-C449-4CEB-9B20-8445657AB52B} = {02FC1D9B-C8C6-4F51-83BF-598B09F8B02F}
		{DAE5ABB7-842D-44EA-BBE5-1926BEE38BC9} = {02FC1D9B-C8C6-4F51-83BF-598B09F8B02F}
		{C443DA6F-4096-4A75-B7A0-A6E9DA8CBB73} = {02FC1D9B-C8C6-4F51-83BF-598B09F8B02F}
		{68F8EDB2-4E33-4B39-99BE-F7DE613E8B65} = {02FC1D9B-C8C6-4F51-83BF-598B09F8B02F}
		{C7459947-EF3B-4058-BDA5-A0BC4816D860} = {02FC1D9B-C8C6-4F51-83BF-598B09F8B02F}
	EndGlobalSection
	GlobalSection(ExtensibilityGlobals) = postSolution
		SolutionGuid = {22AF29EB-6094-45FD-A3FD-3060F32E0E54}
	EndGlobalSection
EndGlobal
