
Microsoft Visual Studio Solution File, Format Version 12.00
# Visual Studio 15
VisualStudioVersion = 15.0.28307.572
MinimumVisualStudioVersion = 10.0.40219.1
Project("{9A19103F-16F7-4668-BE54-9A1E7A4F7556}") = "SolidRpc.Core", "SolidRpc.Core\SolidRpc.Core.csproj", "{C042B635-003E-4AB1-A550-8C4EAA21D547}"
EndProject
Project("{9A19103F-16F7-4668-BE54-9A1E7A4F7556}") = "SolidRpc.Client", "SolidRpc.Client\SolidRpc.Client.csproj", "{B8CB70BF-011B-403F-B5ED-521EB4ED7473}"
EndProject
Project("{9A19103F-16F7-4668-BE54-9A1E7A4F7556}") = "SolidRpc.Tests", "SolidRpc.Tests\SolidRpc.Tests.csproj", "{BD634FC6-2AD4-4CC1-A112-46AF83516ADE}"
EndProject
Project("{FAE04EC0-301F-11D3-BF4B-00C04F79EFBC}") = "SolidRpc.Swagger", "SolidRpc.Swagger\SolidRpc.Swagger.csproj", "{42A950AD-1D09-48E2-B7A2-7E7A1FAC9B00}"
EndProject
Global
	GlobalSection(SolutionConfigurationPlatforms) = preSolution
		Debug|Any CPU = Debug|Any CPU
		Release|Any CPU = Release|Any CPU
	EndGlobalSection
	GlobalSection(ProjectConfigurationPlatforms) = postSolution
		{C042B635-003E-4AB1-A550-8C4EAA21D547}.Debug|Any CPU.ActiveCfg = Debug|Any CPU
		{C042B635-003E-4AB1-A550-8C4EAA21D547}.Debug|Any CPU.Build.0 = Debug|Any CPU
		{C042B635-003E-4AB1-A550-8C4EAA21D547}.Release|Any CPU.ActiveCfg = Release|Any CPU
		{C042B635-003E-4AB1-A550-8C4EAA21D547}.Release|Any CPU.Build.0 = Release|Any CPU
		{B8CB70BF-011B-403F-B5ED-521EB4ED7473}.Debug|Any CPU.ActiveCfg = Debug|Any CPU
		{B8CB70BF-011B-403F-B5ED-521EB4ED7473}.Debug|Any CPU.Build.0 = Debug|Any CPU
		{B8CB70BF-011B-403F-B5ED-521EB4ED7473}.Release|Any CPU.ActiveCfg = Release|Any CPU
		{B8CB70BF-011B-403F-B5ED-521EB4ED7473}.Release|Any CPU.Build.0 = Release|Any CPU
		{BD634FC6-2AD4-4CC1-A112-46AF83516ADE}.Debug|Any CPU.ActiveCfg = Debug|Any CPU
		{BD634FC6-2AD4-4CC1-A112-46AF83516ADE}.Debug|Any CPU.Build.0 = Debug|Any CPU
		{BD634FC6-2AD4-4CC1-A112-46AF83516ADE}.Release|Any CPU.ActiveCfg = Release|Any CPU
		{BD634FC6-2AD4-4CC1-A112-46AF83516ADE}.Release|Any CPU.Build.0 = Release|Any CPU
		{42A950AD-1D09-48E2-B7A2-7E7A1FAC9B00}.Debug|Any CPU.ActiveCfg = Debug|Any CPU
		{42A950AD-1D09-48E2-B7A2-7E7A1FAC9B00}.Debug|Any CPU.Build.0 = Debug|Any CPU
		{42A950AD-1D09-48E2-B7A2-7E7A1FAC9B00}.Release|Any CPU.ActiveCfg = Release|Any CPU
		{42A950AD-1D09-48E2-B7A2-7E7A1FAC9B00}.Release|Any CPU.Build.0 = Release|Any CPU
	EndGlobalSection
	GlobalSection(SolutionProperties) = preSolution
		HideSolutionNode = FALSE
	EndGlobalSection
	GlobalSection(ExtensibilityGlobals) = postSolution
		SolutionGuid = {22AF29EB-6094-45FD-A3FD-3060F32E0E54}
	EndGlobalSection
EndGlobal
