
Microsoft Visual Studio Solution File, Format Version 12.00
# Visual Studio 15
VisualStudioVersion = 15.0.28307.572
MinimumVisualStudioVersion = 10.0.40219.1
Project("{9A19103F-16F7-4668-BE54-9A1E7A4F7556}") = "SolidRpc.Tests", "SolidRpc.Tests\SolidRpc.Tests.csproj", "{BD634FC6-2AD4-4CC1-A112-46AF83516ADE}"
EndProject
Project("{9A19103F-16F7-4668-BE54-9A1E7A4F7556}") = "SolidRpc.Swagger.Binder", "SolidRpc.Swagger.Binder\SolidRpc.Swagger.Binder.csproj", "{A9FCFFF2-9A0F-4A36-B08E-AA946836ED6B}"
EndProject
Project("{9A19103F-16F7-4668-BE54-9A1E7A4F7556}") = "SolidRpc.Swagger.Model", "SolidRpc.Swagger.Model\SolidRpc.Swagger.Model.csproj", "{393BDD73-8F40-4EE9-BC6A-8B9EC1253C0F}"
EndProject
Project("{9A19103F-16F7-4668-BE54-9A1E7A4F7556}") = "SolidRpc.Swagger.Generator", "SolidRpc.Swagger.Generator\SolidRpc.Swagger.Generator.csproj", "{BB458CA5-495F-4C46-9931-8D5C6F30AFCD}"
EndProject
Project("{FAE04EC0-301F-11D3-BF4B-00C04F79EFBC}") = "SolidRpc.Proxy", "SolidRpc.Proxy\SolidRpc.Proxy.csproj", "{E8C949C3-33FD-4871-A4D8-3263CD25055A}"
EndProject
Project("{2150E333-8FDC-42A3-9474-1A3956D46DE8}") = "Nuget", "Nuget", "{02FC1D9B-C8C6-4F51-83BF-598B09F8B02F}"
EndProject
Project("{2150E333-8FDC-42A3-9474-1A3956D46DE8}") = "Tests", "Tests", "{7C253128-5D02-4E68-BAFB-901E9F7B1055}"
EndProject
Project("{FAE04EC0-301F-11D3-BF4B-00C04F79EFBC}") = "SolidRpc.Swagger.DotNetTool", "SolidRpc.Swagger.DotNetTool\SolidRpc.Swagger.DotNetTool.csproj", "{CF885EBE-DD69-4379-B331-07C7A8CF61D1}"
EndProject
Global
	GlobalSection(SolutionConfigurationPlatforms) = preSolution
		Debug|Any CPU = Debug|Any CPU
		Release|Any CPU = Release|Any CPU
	EndGlobalSection
	GlobalSection(ProjectConfigurationPlatforms) = postSolution
		{BD634FC6-2AD4-4CC1-A112-46AF83516ADE}.Debug|Any CPU.ActiveCfg = Debug|Any CPU
		{BD634FC6-2AD4-4CC1-A112-46AF83516ADE}.Debug|Any CPU.Build.0 = Debug|Any CPU
		{BD634FC6-2AD4-4CC1-A112-46AF83516ADE}.Release|Any CPU.ActiveCfg = Release|Any CPU
		{BD634FC6-2AD4-4CC1-A112-46AF83516ADE}.Release|Any CPU.Build.0 = Release|Any CPU
		{A9FCFFF2-9A0F-4A36-B08E-AA946836ED6B}.Debug|Any CPU.ActiveCfg = Debug|Any CPU
		{A9FCFFF2-9A0F-4A36-B08E-AA946836ED6B}.Debug|Any CPU.Build.0 = Debug|Any CPU
		{A9FCFFF2-9A0F-4A36-B08E-AA946836ED6B}.Release|Any CPU.ActiveCfg = Release|Any CPU
		{A9FCFFF2-9A0F-4A36-B08E-AA946836ED6B}.Release|Any CPU.Build.0 = Release|Any CPU
		{393BDD73-8F40-4EE9-BC6A-8B9EC1253C0F}.Debug|Any CPU.ActiveCfg = Debug|Any CPU
		{393BDD73-8F40-4EE9-BC6A-8B9EC1253C0F}.Debug|Any CPU.Build.0 = Debug|Any CPU
		{393BDD73-8F40-4EE9-BC6A-8B9EC1253C0F}.Release|Any CPU.ActiveCfg = Release|Any CPU
		{393BDD73-8F40-4EE9-BC6A-8B9EC1253C0F}.Release|Any CPU.Build.0 = Release|Any CPU
		{BB458CA5-495F-4C46-9931-8D5C6F30AFCD}.Debug|Any CPU.ActiveCfg = Debug|Any CPU
		{BB458CA5-495F-4C46-9931-8D5C6F30AFCD}.Debug|Any CPU.Build.0 = Debug|Any CPU
		{BB458CA5-495F-4C46-9931-8D5C6F30AFCD}.Release|Any CPU.ActiveCfg = Release|Any CPU
		{BB458CA5-495F-4C46-9931-8D5C6F30AFCD}.Release|Any CPU.Build.0 = Release|Any CPU
		{E8C949C3-33FD-4871-A4D8-3263CD25055A}.Debug|Any CPU.ActiveCfg = Debug|Any CPU
		{E8C949C3-33FD-4871-A4D8-3263CD25055A}.Debug|Any CPU.Build.0 = Debug|Any CPU
		{E8C949C3-33FD-4871-A4D8-3263CD25055A}.Release|Any CPU.ActiveCfg = Release|Any CPU
		{E8C949C3-33FD-4871-A4D8-3263CD25055A}.Release|Any CPU.Build.0 = Release|Any CPU
		{CF885EBE-DD69-4379-B331-07C7A8CF61D1}.Debug|Any CPU.ActiveCfg = Debug|Any CPU
		{CF885EBE-DD69-4379-B331-07C7A8CF61D1}.Debug|Any CPU.Build.0 = Debug|Any CPU
		{CF885EBE-DD69-4379-B331-07C7A8CF61D1}.Release|Any CPU.ActiveCfg = Release|Any CPU
		{CF885EBE-DD69-4379-B331-07C7A8CF61D1}.Release|Any CPU.Build.0 = Release|Any CPU
	EndGlobalSection
	GlobalSection(SolutionProperties) = preSolution
		HideSolutionNode = FALSE
	EndGlobalSection
	GlobalSection(NestedProjects) = preSolution
		{BD634FC6-2AD4-4CC1-A112-46AF83516ADE} = {7C253128-5D02-4E68-BAFB-901E9F7B1055}
		{A9FCFFF2-9A0F-4A36-B08E-AA946836ED6B} = {02FC1D9B-C8C6-4F51-83BF-598B09F8B02F}
		{393BDD73-8F40-4EE9-BC6A-8B9EC1253C0F} = {02FC1D9B-C8C6-4F51-83BF-598B09F8B02F}
		{BB458CA5-495F-4C46-9931-8D5C6F30AFCD} = {02FC1D9B-C8C6-4F51-83BF-598B09F8B02F}
		{E8C949C3-33FD-4871-A4D8-3263CD25055A} = {02FC1D9B-C8C6-4F51-83BF-598B09F8B02F}
		{CF885EBE-DD69-4379-B331-07C7A8CF61D1} = {02FC1D9B-C8C6-4F51-83BF-598B09F8B02F}
	EndGlobalSection
	GlobalSection(ExtensibilityGlobals) = postSolution
		SolutionGuid = {22AF29EB-6094-45FD-A3FD-3060F32E0E54}
	EndGlobalSection
EndGlobal
